
Microsoft Visual Studio Solution File, Format Version 12.00
# Visual Studio Version 16
VisualStudioVersion = 16.0.29709.97
MinimumVisualStudioVersion = 10.0.40219.1
Project("{FAE04EC0-301F-11D3-BF4B-00C04F79EFBC}") = "ConsoleApp5", "ConsoleApp5.csproj", "{F9275DF0-9BEB-4317-BD4D-F5941A9BF201}"
EndProject
Global
	GlobalSection(SolutionConfigurationPlatforms) = preSolution
		Debug|Any CPU = Debug|Any CPU
		Release|Any CPU = Release|Any CPU
	EndGlobalSection
	GlobalSection(ProjectConfigurationPlatforms) = postSolution
		{F9275DF0-9BEB-4317-BD4D-F5941A9BF201}.Debug|Any CPU.ActiveCfg = Debug|Any CPU
		{F9275DF0-9BEB-4317-BD4D-F5941A9BF201}.Debug|Any CPU.Build.0 = Debug|Any CPU
		{F9275DF0-9BEB-4317-BD4D-F5941A9BF201}.Release|Any CPU.ActiveCfg = Release|Any CPU
		{F9275DF0-9BEB-4317-BD4D-F5941A9BF201}.Release|Any CPU.Build.0 = Release|Any CPU
	EndGlobalSection
	GlobalSection(SolutionProperties) = preSolution
		HideSolutionNode = FALSE
	EndGlobalSection
	GlobalSection(ExtensibilityGlobals) = postSolution
		SolutionGuid = {0AC09977-D1EA-4DB9-BF48-9D9B680B16F7}
	EndGlobalSection
EndGlobal
